
Microsoft Visual Studio Solution File, Format Version 12.00
# Visual Studio 15
VisualStudioVersion = 15.0.26730.16
MinimumVisualStudioVersion = 10.0.40219.1
Project("{8BC9CEB8-8B4A-11D0-8D11-00A0C91BC942}") = "gymnasie_arbete", "gymnasie_arbete\gymnasie_arbete.vcxproj", "{B35DC294-C989-4599-83CD-3D00EF721D43}"
EndProject
Global
	GlobalSection(SolutionConfigurationPlatforms) = preSolution
		Debug|x64 = Debug|x64
		Debug|x86 = Debug|x86
		Release|x64 = Release|x64
		Release|x86 = Release|x86
	EndGlobalSection
	GlobalSection(ProjectConfigurationPlatforms) = postSolution
		{B35DC294-C989-4599-83CD-3D00EF721D43}.Debug|x64.ActiveCfg = Debug|x64
		{B35DC294-C989-4599-83CD-3D00EF721D43}.Debug|x64.Build.0 = Debug|x64
		{B35DC294-C989-4599-83CD-3D00EF721D43}.Debug|x86.ActiveCfg = Debug|Win32
		{B35DC294-C989-4599-83CD-3D00EF721D43}.Debug|x86.Build.0 = Debug|Win32
		{B35DC294-C989-4599-83CD-3D00EF721D43}.Release|x64.ActiveCfg = Release|x64
		{B35DC294-C989-4599-83CD-3D00EF721D43}.Release|x64.Build.0 = Release|x64
		{B35DC294-C989-4599-83CD-3D00EF721D43}.Release|x86.ActiveCfg = Release|Win32
		{B35DC294-C989-4599-83CD-3D00EF721D43}.Release|x86.Build.0 = Release|Win32
	EndGlobalSection
	GlobalSection(SolutionProperties) = preSolution
		HideSolutionNode = FALSE
	EndGlobalSection
	GlobalSection(ExtensibilityGlobals) = postSolution
		SolutionGuid = {07E110EB-71B9-4E30-AFB2-892CE8669A04}
	EndGlobalSection
EndGlobal
